
Microsoft Visual Studio Solution File, Format Version 12.00
# Visual Studio 14
VisualStudioVersion = 14.0.25420.1
MinimumVisualStudioVersion = 10.0.40219.1
Project("{2150E333-8FDC-42A3-9474-1A3956D46DE8}") = "CreationalPatterns", "CreationalPatterns", "{992B1BCE-F317-4437-B473-990B560B9CE6}"
EndProject
Project("{FAE04EC0-301F-11D3-BF4B-00C04F79EFBC}") = "FactoryMethod", "FactoryMethod\FactoryMethod.csproj", "{B2056AB6-603E-48C4-B33B-D185B4E177D1}"
EndProject
Project("{2150E333-8FDC-42A3-9474-1A3956D46DE8}") = "SimpleExampleWorking", "SimpleExampleWorking", "{A6930354-8BF4-4CE8-AD7D-2B4826A60C13}"
EndProject
Project("{FAE04EC0-301F-11D3-BF4B-00C04F79EFBC}") = "Test", "Test\Test.csproj", "{18C62A2B-94F8-4CDD-82F5-C0FE5D9BCED5}"
EndProject
Project("{FAE04EC0-301F-11D3-BF4B-00C04F79EFBC}") = "AbstractFactory", "AbstractFactory\AbstractFactory.csproj", "{0D015777-351B-4770-85A0-23290F282C2D}"
EndProject
Project("{2150E333-8FDC-42A3-9474-1A3956D46DE8}") = "SomeIssues", "SomeIssues", "{8214AF93-7B52-4430-A4DC-AC1D7F8195B1}"
EndProject
Project("{FAE04EC0-301F-11D3-BF4B-00C04F79EFBC}") = "SomeIssues", "SomeIssues\SomeIssues.csproj", "{C9D6E17B-0FA5-4D3D-B07F-6BA3F7462A0C}"
EndProject
Project("{FAE04EC0-301F-11D3-BF4B-00C04F79EFBC}") = "Program2", "Program2\Program2.csproj", "{388BE7C8-F9ED-4432-9E6B-8A7221A0EE8F}"
EndProject
Project("{2150E333-8FDC-42A3-9474-1A3956D46DE8}") = "Asp Web", "Asp Web", "{9E66C15F-663A-4A4F-8A03-7E9ED9DDAD58}"
EndProject
Project("{FAE04EC0-301F-11D3-BF4B-00C04F79EFBC}") = "WebApplication11", "..\WebApplication11\WebApplication11\WebApplication11.csproj", "{BF0803FB-EBC7-4688-87CD-F3DF69CDC7D6}"
EndProject
Project("{2150E333-8FDC-42A3-9474-1A3956D46DE8}") = "DependencyInjection", "DependencyInjection", "{7004B848-CF55-4748-A48B-C102B2B63569}"
EndProject
Project("{FAE04EC0-301F-11D3-BF4B-00C04F79EFBC}") = "UnityContainer", "UnityContainer\UnityContainer.csproj", "{0DD86700-5F32-4D9E-B2CA-4446E836C0F4}"
EndProject
Project("{2150E333-8FDC-42A3-9474-1A3956D46DE8}") = "LazyLoadingTest", "LazyLoadingTest", "{1693B649-9CF2-436A-97F8-5D0BF160FFD1}"
EndProject
Project("{FAE04EC0-301F-11D3-BF4B-00C04F79EFBC}") = "TestApp", "TestApp\TestApp.csproj", "{89091720-3CCC-410E-837B-B23E6FA93D8B}"
EndProject
Project("{2150E333-8FDC-42A3-9474-1A3956D46DE8}") = "Reflection", "Reflection", "{5ABDB189-D8A9-4450-AC51-340983E9FA54}"
EndProject
Project("{FAE04EC0-301F-11D3-BF4B-00C04F79EFBC}") = "CreateInstance", "ConsoleApplication1\CreateInstance.csproj", "{90B68E2B-0A9E-4239-881F-B873470ACFCA}"
EndProject
Project("{2150E333-8FDC-42A3-9474-1A3956D46DE8}") = "ADO .net", "ADO .net", "{64A64BBB-3661-4986-83F8-F8723B3D2069}"
EndProject
Project("{FAE04EC0-301F-11D3-BF4B-00C04F79EFBC}") = "testAdo", "testAdo\testAdo.csproj", "{BA2B21DB-2141-4CED-9877-3E12FF2570F7}"
EndProject
Project("{2150E333-8FDC-42A3-9474-1A3956D46DE8}") = "01", "01", "{E39979D7-0B37-41C7-8E09-BC581E681E10}"
EndProject
Project("{FAE04EC0-301F-11D3-BF4B-00C04F79EFBC}") = "Linq", "Linq\Linq.csproj", "{99D2994E-F74C-4C82-B308-4200EFC35A8A}"
EndProject
Project("{2150E333-8FDC-42A3-9474-1A3956D46DE8}") = "testArray", "testArray", "{FF10F70E-EAC8-45F4-A2A9-939C6F792673}"
EndProject
Project("{FAE04EC0-301F-11D3-BF4B-00C04F79EFBC}") = "ConsoleApplication2", "ConsoleApplication2\ConsoleApplication2.csproj", "{E60A28B6-F1BB-4EFC-BD26-A9F7C5E4DD49}"
EndProject
Project("{2150E333-8FDC-42A3-9474-1A3956D46DE8}") = "Multithreading", "Multithreading", "{B8788810-DBE9-4E75-8FB8-E6C6A497E089}"
EndProject
Project("{FAE04EC0-301F-11D3-BF4B-00C04F79EFBC}") = "ConsoleApplication3", "ConsoleApplication3\ConsoleApplication3.csproj", "{9C0F4F5C-806F-4509-ACFE-6D3491A6F4CE}"
EndProject
Project("{2150E333-8FDC-42A3-9474-1A3956D46DE8}") = "AdapterPattern", "AdapterPattern", "{CAEF4352-1189-4278-B465-A19D87813099}"
EndProject
Project("{FAE04EC0-301F-11D3-BF4B-00C04F79EFBC}") = "ConsoleApplication4", "ConsoleApplication4\ConsoleApplication4.csproj", "{15E918AE-A727-4448-BB06-E905D8B2C597}"
EndProject
Project("{2150E333-8FDC-42A3-9474-1A3956D46DE8}") = "NonProdaction", "NonProdaction", "{C4DBD127-435B-4AB2-BFCB-C9D5F0C106FC}"
EndProject
Project("{2150E333-8FDC-42A3-9474-1A3956D46DE8}") = "SmthExciting", "SmthExciting", "{3FBCB50F-3014-4A45-8641-A6FF3541D72C}"
EndProject
Project("{2150E333-8FDC-42A3-9474-1A3956D46DE8}") = "00.Database", "00.Database", "{2036C8B2-C58D-4271-A6EB-160F67AE451B}"
EndProject
Project("{00D1A9C2-B5F0-4AF3-8072-F6C62B433612}") = "BasilCompany", "BasilCompany\BasilCompany.sqlproj", "{5343D69E-2392-4F0C-ACC4-E46712F967A9}"
EndProject
Project("{2150E333-8FDC-42A3-9474-1A3956D46DE8}") = "SimpleTools", "SimpleTools", "{A8BBC64A-B35D-45CF-90B4-56D6390EA3DE}"
EndProject
Project("{FAE04EC0-301F-11D3-BF4B-00C04F79EFBC}") = "parseFileForGettingVerbs", "parseFileForGettingVerbs\parseFileForGettingVerbs.csproj", "{CDA7B244-930A-4C23-A754-050F17E27142}"
EndProject
Global
	GlobalSection(SolutionConfigurationPlatforms) = preSolution
		Debug|Any CPU = Debug|Any CPU
		Release|Any CPU = Release|Any CPU
	EndGlobalSection
	GlobalSection(ProjectConfigurationPlatforms) = postSolution
		{B2056AB6-603E-48C4-B33B-D185B4E177D1}.Debug|Any CPU.ActiveCfg = Debug|Any CPU
		{B2056AB6-603E-48C4-B33B-D185B4E177D1}.Debug|Any CPU.Build.0 = Debug|Any CPU
		{B2056AB6-603E-48C4-B33B-D185B4E177D1}.Release|Any CPU.ActiveCfg = Release|Any CPU
		{B2056AB6-603E-48C4-B33B-D185B4E177D1}.Release|Any CPU.Build.0 = Release|Any CPU
		{18C62A2B-94F8-4CDD-82F5-C0FE5D9BCED5}.Debug|Any CPU.ActiveCfg = Debug|Any CPU
		{18C62A2B-94F8-4CDD-82F5-C0FE5D9BCED5}.Debug|Any CPU.Build.0 = Debug|Any CPU
		{18C62A2B-94F8-4CDD-82F5-C0FE5D9BCED5}.Release|Any CPU.ActiveCfg = Release|Any CPU
		{18C62A2B-94F8-4CDD-82F5-C0FE5D9BCED5}.Release|Any CPU.Build.0 = Release|Any CPU
		{0D015777-351B-4770-85A0-23290F282C2D}.Debug|Any CPU.ActiveCfg = Debug|Any CPU
		{0D015777-351B-4770-85A0-23290F282C2D}.Debug|Any CPU.Build.0 = Debug|Any CPU
		{0D015777-351B-4770-85A0-23290F282C2D}.Release|Any CPU.ActiveCfg = Release|Any CPU
		{0D015777-351B-4770-85A0-23290F282C2D}.Release|Any CPU.Build.0 = Release|Any CPU
		{C9D6E17B-0FA5-4D3D-B07F-6BA3F7462A0C}.Debug|Any CPU.ActiveCfg = Debug|Any CPU
		{C9D6E17B-0FA5-4D3D-B07F-6BA3F7462A0C}.Debug|Any CPU.Build.0 = Debug|Any CPU
		{C9D6E17B-0FA5-4D3D-B07F-6BA3F7462A0C}.Release|Any CPU.ActiveCfg = Release|Any CPU
		{C9D6E17B-0FA5-4D3D-B07F-6BA3F7462A0C}.Release|Any CPU.Build.0 = Release|Any CPU
		{388BE7C8-F9ED-4432-9E6B-8A7221A0EE8F}.Debug|Any CPU.ActiveCfg = Debug|Any CPU
		{388BE7C8-F9ED-4432-9E6B-8A7221A0EE8F}.Debug|Any CPU.Build.0 = Debug|Any CPU
		{388BE7C8-F9ED-4432-9E6B-8A7221A0EE8F}.Release|Any CPU.ActiveCfg = Release|Any CPU
		{388BE7C8-F9ED-4432-9E6B-8A7221A0EE8F}.Release|Any CPU.Build.0 = Release|Any CPU
		{BF0803FB-EBC7-4688-87CD-F3DF69CDC7D6}.Debug|Any CPU.ActiveCfg = Debug|Any CPU
		{BF0803FB-EBC7-4688-87CD-F3DF69CDC7D6}.Debug|Any CPU.Build.0 = Debug|Any CPU
		{BF0803FB-EBC7-4688-87CD-F3DF69CDC7D6}.Release|Any CPU.ActiveCfg = Release|Any CPU
		{BF0803FB-EBC7-4688-87CD-F3DF69CDC7D6}.Release|Any CPU.Build.0 = Release|Any CPU
		{0DD86700-5F32-4D9E-B2CA-4446E836C0F4}.Debug|Any CPU.ActiveCfg = Debug|Any CPU
		{0DD86700-5F32-4D9E-B2CA-4446E836C0F4}.Debug|Any CPU.Build.0 = Debug|Any CPU
		{0DD86700-5F32-4D9E-B2CA-4446E836C0F4}.Release|Any CPU.ActiveCfg = Release|Any CPU
		{0DD86700-5F32-4D9E-B2CA-4446E836C0F4}.Release|Any CPU.Build.0 = Release|Any CPU
		{89091720-3CCC-410E-837B-B23E6FA93D8B}.Debug|Any CPU.ActiveCfg = Debug|Any CPU
		{89091720-3CCC-410E-837B-B23E6FA93D8B}.Debug|Any CPU.Build.0 = Debug|Any CPU
		{89091720-3CCC-410E-837B-B23E6FA93D8B}.Release|Any CPU.ActiveCfg = Release|Any CPU
		{89091720-3CCC-410E-837B-B23E6FA93D8B}.Release|Any CPU.Build.0 = Release|Any CPU
		{90B68E2B-0A9E-4239-881F-B873470ACFCA}.Debug|Any CPU.ActiveCfg = Debug|Any CPU
		{90B68E2B-0A9E-4239-881F-B873470ACFCA}.Debug|Any CPU.Build.0 = Debug|Any CPU
		{90B68E2B-0A9E-4239-881F-B873470ACFCA}.Release|Any CPU.ActiveCfg = Release|Any CPU
		{90B68E2B-0A9E-4239-881F-B873470ACFCA}.Release|Any CPU.Build.0 = Release|Any CPU
		{BA2B21DB-2141-4CED-9877-3E12FF2570F7}.Debug|Any CPU.ActiveCfg = Debug|Any CPU
		{BA2B21DB-2141-4CED-9877-3E12FF2570F7}.Debug|Any CPU.Build.0 = Debug|Any CPU
		{BA2B21DB-2141-4CED-9877-3E12FF2570F7}.Release|Any CPU.ActiveCfg = Release|Any CPU
		{BA2B21DB-2141-4CED-9877-3E12FF2570F7}.Release|Any CPU.Build.0 = Release|Any CPU
		{99D2994E-F74C-4C82-B308-4200EFC35A8A}.Debug|Any CPU.ActiveCfg = Debug|Any CPU
		{99D2994E-F74C-4C82-B308-4200EFC35A8A}.Debug|Any CPU.Build.0 = Debug|Any CPU
		{99D2994E-F74C-4C82-B308-4200EFC35A8A}.Release|Any CPU.ActiveCfg = Release|Any CPU
		{99D2994E-F74C-4C82-B308-4200EFC35A8A}.Release|Any CPU.Build.0 = Release|Any CPU
		{E60A28B6-F1BB-4EFC-BD26-A9F7C5E4DD49}.Debug|Any CPU.ActiveCfg = Debug|Any CPU
		{E60A28B6-F1BB-4EFC-BD26-A9F7C5E4DD49}.Debug|Any CPU.Build.0 = Debug|Any CPU
		{E60A28B6-F1BB-4EFC-BD26-A9F7C5E4DD49}.Release|Any CPU.ActiveCfg = Release|Any CPU
		{E60A28B6-F1BB-4EFC-BD26-A9F7C5E4DD49}.Release|Any CPU.Build.0 = Release|Any CPU
		{9C0F4F5C-806F-4509-ACFE-6D3491A6F4CE}.Debug|Any CPU.ActiveCfg = Debug|Any CPU
		{9C0F4F5C-806F-4509-ACFE-6D3491A6F4CE}.Debug|Any CPU.Build.0 = Debug|Any CPU
		{9C0F4F5C-806F-4509-ACFE-6D3491A6F4CE}.Release|Any CPU.ActiveCfg = Release|Any CPU
		{9C0F4F5C-806F-4509-ACFE-6D3491A6F4CE}.Release|Any CPU.Build.0 = Release|Any CPU
		{15E918AE-A727-4448-BB06-E905D8B2C597}.Debug|Any CPU.ActiveCfg = Debug|Any CPU
		{15E918AE-A727-4448-BB06-E905D8B2C597}.Debug|Any CPU.Build.0 = Debug|Any CPU
		{15E918AE-A727-4448-BB06-E905D8B2C597}.Release|Any CPU.ActiveCfg = Release|Any CPU
		{15E918AE-A727-4448-BB06-E905D8B2C597}.Release|Any CPU.Build.0 = Release|Any CPU
		{5343D69E-2392-4F0C-ACC4-E46712F967A9}.Debug|Any CPU.ActiveCfg = Debug|Any CPU
		{5343D69E-2392-4F0C-ACC4-E46712F967A9}.Debug|Any CPU.Build.0 = Debug|Any CPU
		{5343D69E-2392-4F0C-ACC4-E46712F967A9}.Debug|Any CPU.Deploy.0 = Debug|Any CPU
		{5343D69E-2392-4F0C-ACC4-E46712F967A9}.Release|Any CPU.ActiveCfg = Release|Any CPU
		{5343D69E-2392-4F0C-ACC4-E46712F967A9}.Release|Any CPU.Build.0 = Release|Any CPU
		{5343D69E-2392-4F0C-ACC4-E46712F967A9}.Release|Any CPU.Deploy.0 = Release|Any CPU
		{CDA7B244-930A-4C23-A754-050F17E27142}.Debug|Any CPU.ActiveCfg = Debug|Any CPU
		{CDA7B244-930A-4C23-A754-050F17E27142}.Debug|Any CPU.Build.0 = Debug|Any CPU
		{CDA7B244-930A-4C23-A754-050F17E27142}.Release|Any CPU.ActiveCfg = Release|Any CPU
		{CDA7B244-930A-4C23-A754-050F17E27142}.Release|Any CPU.Build.0 = Release|Any CPU
	EndGlobalSection
	GlobalSection(SolutionProperties) = preSolution
		HideSolutionNode = FALSE
	EndGlobalSection
	GlobalSection(NestedProjects) = preSolution
		{992B1BCE-F317-4437-B473-990B560B9CE6} = {C4DBD127-435B-4AB2-BFCB-C9D5F0C106FC}
		{B2056AB6-603E-48C4-B33B-D185B4E177D1} = {992B1BCE-F317-4437-B473-990B560B9CE6}
		{A6930354-8BF4-4CE8-AD7D-2B4826A60C13} = {C4DBD127-435B-4AB2-BFCB-C9D5F0C106FC}
		{18C62A2B-94F8-4CDD-82F5-C0FE5D9BCED5} = {A6930354-8BF4-4CE8-AD7D-2B4826A60C13}
		{0D015777-351B-4770-85A0-23290F282C2D} = {992B1BCE-F317-4437-B473-990B560B9CE6}
		{8214AF93-7B52-4430-A4DC-AC1D7F8195B1} = {C4DBD127-435B-4AB2-BFCB-C9D5F0C106FC}
		{C9D6E17B-0FA5-4D3D-B07F-6BA3F7462A0C} = {8214AF93-7B52-4430-A4DC-AC1D7F8195B1}
		{388BE7C8-F9ED-4432-9E6B-8A7221A0EE8F} = {8214AF93-7B52-4430-A4DC-AC1D7F8195B1}
		{9E66C15F-663A-4A4F-8A03-7E9ED9DDAD58} = {C4DBD127-435B-4AB2-BFCB-C9D5F0C106FC}
		{BF0803FB-EBC7-4688-87CD-F3DF69CDC7D6} = {9E66C15F-663A-4A4F-8A03-7E9ED9DDAD58}
		{7004B848-CF55-4748-A48B-C102B2B63569} = {C4DBD127-435B-4AB2-BFCB-C9D5F0C106FC}
		{0DD86700-5F32-4D9E-B2CA-4446E836C0F4} = {7004B848-CF55-4748-A48B-C102B2B63569}
		{1693B649-9CF2-436A-97F8-5D0BF160FFD1} = {C4DBD127-435B-4AB2-BFCB-C9D5F0C106FC}
		{89091720-3CCC-410E-837B-B23E6FA93D8B} = {1693B649-9CF2-436A-97F8-5D0BF160FFD1}
		{5ABDB189-D8A9-4450-AC51-340983E9FA54} = {C4DBD127-435B-4AB2-BFCB-C9D5F0C106FC}
		{90B68E2B-0A9E-4239-881F-B873470ACFCA} = {5ABDB189-D8A9-4450-AC51-340983E9FA54}
		{64A64BBB-3661-4986-83F8-F8723B3D2069} = {C4DBD127-435B-4AB2-BFCB-C9D5F0C106FC}
		{BA2B21DB-2141-4CED-9877-3E12FF2570F7} = {64A64BBB-3661-4986-83F8-F8723B3D2069}
		{E39979D7-0B37-41C7-8E09-BC581E681E10} = {C4DBD127-435B-4AB2-BFCB-C9D5F0C106FC}
		{99D2994E-F74C-4C82-B308-4200EFC35A8A} = {E39979D7-0B37-41C7-8E09-BC581E681E10}
		{FF10F70E-EAC8-45F4-A2A9-939C6F792673} = {C4DBD127-435B-4AB2-BFCB-C9D5F0C106FC}
		{E60A28B6-F1BB-4EFC-BD26-A9F7C5E4DD49} = {FF10F70E-EAC8-45F4-A2A9-939C6F792673}
		{B8788810-DBE9-4E75-8FB8-E6C6A497E089} = {C4DBD127-435B-4AB2-BFCB-C9D5F0C106FC}
		{9C0F4F5C-806F-4509-ACFE-6D3491A6F4CE} = {B8788810-DBE9-4E75-8FB8-E6C6A497E089}
		{CAEF4352-1189-4278-B465-A19D87813099} = {C4DBD127-435B-4AB2-BFCB-C9D5F0C106FC}
		{15E918AE-A727-4448-BB06-E905D8B2C597} = {CAEF4352-1189-4278-B465-A19D87813099}
		{2036C8B2-C58D-4271-A6EB-160F67AE451B} = {3FBCB50F-3014-4A45-8641-A6FF3541D72C}
		{5343D69E-2392-4F0C-ACC4-E46712F967A9} = {2036C8B2-C58D-4271-A6EB-160F67AE451B}
		{CDA7B244-930A-4C23-A754-050F17E27142} = {A8BBC64A-B35D-45CF-90B4-56D6390EA3DE}
	EndGlobalSection
EndGlobal
